{
  "name": ".GameTest",
  "lockfileVersion": 2,
  "requires": true,
  "packages": {
    "": {
      "dependencies": {
        "@minecraft/server": "^1.1.0-beta.1.19.70-stable",
        "@minecraft/server-ui": "^1.0.0-beta.1.19.70-stable"
      }
    },
    "node_modules/@minecraft/server": {
      "version": "1.1.0-beta.1.19.70-stable",
      "resolved": "https://registry.npmjs.org/@minecraft/server/-/server-1.1.0-beta.1.19.70-stable.tgz",
      "integrity": "sha512-hdCxtHCh2iPfJO9uZEUcYlPt03xe5FyAjfYUgt8LV+QR81EG6WSz24IFcmNDDyWoBh2nHy/GVLU+xtk0LUhRsg=="
    },
    "node_modules/@minecraft/server-ui": {
      "version": "1.0.0-beta.1.19.70-stable",
      "resolved": "https://registry.npmjs.org/@minecraft/server-ui/-/server-ui-1.0.0-beta.1.19.70-stable.tgz",
      "integrity": "sha512-qKzxDCfGOWCcw4lACQPyu9VdKa+42BpbKcIfipKvs+F2nN8xr+0RQrPn+KU95LPgwhuVQWZUOUIZbvAfmyuXqA==",
      "dependencies": {
        "@minecraft/server": "1.1.0-beta.1.19.70-stable"
      }
    }
  },
  "dependencies": {
    "@minecraft/server": {
      "version": "1.1.0-beta.1.19.70-stable",
      "resolved": "https://registry.npmjs.org/@minecraft/server/-/server-1.1.0-beta.1.19.70-stable.tgz",
      "integrity": "sha512-hdCxtHCh2iPfJO9uZEUcYlPt03xe5FyAjfYUgt8LV+QR81EG6WSz24IFcmNDDyWoBh2nHy/GVLU+xtk0LUhRsg=="
    },
    "@minecraft/server-ui": {
      "version": "1.0.0-beta.1.19.70-stable",
      "resolved": "https://registry.npmjs.org/@minecraft/server-ui/-/server-ui-1.0.0-beta.1.19.70-stable.tgz",
      "integrity": "sha512-qKzxDCfGOWCcw4lACQPyu9VdKa+42BpbKcIfipKvs+F2nN8xr+0RQrPn+KU95LPgwhuVQWZUOUIZbvAfmyuXqA==",
      "requires": {
        "@minecraft/server": "1.1.0-beta.1.19.70-stable"
      }
    }
  }
}
