{
  "name": "[JS] CMG MMO",
  "lockfileVersion": 2,
  "requires": true,
  "packages": {
    "": {
      "dependencies": {
        "@minecraft/server": "^1.2.0-beta.1.19.80-stable",
        "@minecraft/server-ui": "^1.0.0-beta.1.19.80-stable"
      }
    },
    "node_modules/@minecraft/server": {
      "version": "1.2.0-beta.1.19.80-stable",
      "resolved": "https://registry.npmjs.org/@minecraft/server/-/server-1.2.0-beta.1.19.80-stable.tgz",
      "integrity": "sha512-EVlPbaMWmQMJtPwCPtRMqsmWLTWzOUzUdBjDZWQ+3hM4Oi4OqoFTR22i+e0CgJ6UVHNx/xNyh5h6h0AV36pkxw=="
    },
    "node_modules/@minecraft/server-ui": {
      "version": "1.0.0-beta.1.19.80-stable",
      "resolved": "https://registry.npmjs.org/@minecraft/server-ui/-/server-ui-1.0.0-beta.1.19.80-stable.tgz",
      "integrity": "sha512-elCqJecskP3kVUM5hB9GOZh/mNVk221iCvam1M8h/vRHxts/8mxIZo2Cw8T+BjMh4Ga1gsUXhouMIlcBYMIVyw==",
      "dependencies": {
        "@minecraft/server": "1.2.0-beta.1.19.80-stable"
      }
    }
  },
  "dependencies": {
    "@minecraft/server": {
      "version": "1.2.0-beta.1.19.80-stable",
      "resolved": "https://registry.npmjs.org/@minecraft/server/-/server-1.2.0-beta.1.19.80-stable.tgz",
      "integrity": "sha512-EVlPbaMWmQMJtPwCPtRMqsmWLTWzOUzUdBjDZWQ+3hM4Oi4OqoFTR22i+e0CgJ6UVHNx/xNyh5h6h0AV36pkxw=="
    },
    "@minecraft/server-ui": {
      "version": "1.0.0-beta.1.19.80-stable",
      "resolved": "https://registry.npmjs.org/@minecraft/server-ui/-/server-ui-1.0.0-beta.1.19.80-stable.tgz",
      "integrity": "sha512-elCqJecskP3kVUM5hB9GOZh/mNVk221iCvam1M8h/vRHxts/8mxIZo2Cw8T+BjMh4Ga1gsUXhouMIlcBYMIVyw==",
      "requires": {
        "@minecraft/server": "1.2.0-beta.1.19.80-stable"
      }
    }
  }
}
