{
  "name": "JavaScript",
  "lockfileVersion": 2,
  "requires": true,
  "packages": {
    "": {
      "dependencies": {
        "@minecraft/server": "^1.1.0-beta.1.19.70-stable",
        "@minecraft/server-ui": "^1.0.0-beta.1.19.70-preview.23"
      }
    },
    "node_modules/@minecraft/server": {
      "version": "1.1.0-beta.1.19.70-stable",
      "resolved": "https://registry.npmjs.org/@minecraft/server/-/server-1.1.0-beta.1.19.70-stable.tgz",
      "integrity": "sha512-hdCxtHCh2iPfJO9uZEUcYlPt03xe5FyAjfYUgt8LV+QR81EG6WSz24IFcmNDDyWoBh2nHy/GVLU+xtk0LUhRsg=="
    },
    "node_modules/@minecraft/server-ui": {
      "version": "1.0.0-beta.1.19.70-preview.23",
      "resolved": "https://registry.npmjs.org/@minecraft/server-ui/-/server-ui-1.0.0-beta.1.19.70-preview.23.tgz",
      "integrity": "sha512-pIMMsCogGN4Kz2wdGQSeCVE0ndpWNJUZWncHW0nhP+jnLdlUYog/bJa1IjfJCEMen+etpH77mh4W8ubpdcNdLA==",
      "dependencies": {
        "@minecraft/server": "1.1.0-beta.1.19.70-preview.23"
      }
    },
    "node_modules/@minecraft/server-ui/node_modules/@minecraft/server": {
      "version": "1.1.0-beta.1.19.70-preview.23",
      "resolved": "https://registry.npmjs.org/@minecraft/server/-/server-1.1.0-beta.1.19.70-preview.23.tgz",
      "integrity": "sha512-WIqHBUm8jaXKtZ07gwLFWiQZ3ki+2pnJXa21oP0dieMZN9G5jBaZqO/TdgsnD7XRNV8cCMfwUp10ulmg5pw8ag=="
    }
  },
  "dependencies": {
    "@minecraft/server": {
      "version": "1.1.0-beta.1.19.70-stable",
      "resolved": "https://registry.npmjs.org/@minecraft/server/-/server-1.1.0-beta.1.19.70-stable.tgz",
      "integrity": "sha512-hdCxtHCh2iPfJO9uZEUcYlPt03xe5FyAjfYUgt8LV+QR81EG6WSz24IFcmNDDyWoBh2nHy/GVLU+xtk0LUhRsg=="
    },
    "@minecraft/server-ui": {
      "version": "1.0.0-beta.1.19.70-preview.23",
      "resolved": "https://registry.npmjs.org/@minecraft/server-ui/-/server-ui-1.0.0-beta.1.19.70-preview.23.tgz",
      "integrity": "sha512-pIMMsCogGN4Kz2wdGQSeCVE0ndpWNJUZWncHW0nhP+jnLdlUYog/bJa1IjfJCEMen+etpH77mh4W8ubpdcNdLA==",
      "requires": {
        "@minecraft/server": "1.1.0-beta.1.19.70-preview.23"
      },
      "dependencies": {
        "@minecraft/server": {
          "version": "1.1.0-beta.1.19.70-preview.23",
          "resolved": "https://registry.npmjs.org/@minecraft/server/-/server-1.1.0-beta.1.19.70-preview.23.tgz",
          "integrity": "sha512-WIqHBUm8jaXKtZ07gwLFWiQZ3ki+2pnJXa21oP0dieMZN9G5jBaZqO/TdgsnD7XRNV8cCMfwUp10ulmg5pw8ag=="
        }
      }
    }
  }
}
